// !$*UTF8*$!
{
	archiveVersion = 1;
	classes = {
	};
	objectVersion = 46;
	objects = {

/* Begin PBXBuildFile section */
		526540061EE42CB00090852B /* CircuitCell.swift in Sources */ = {isa = PBXBuildFile; fileRef = 526540051EE42CB00090852B /* CircuitCell.swift */; };
		526540081EE42ECC0090852B /* Device.swift in Sources */ = {isa = PBXBuildFile; fileRef = 526540071EE42ECC0090852B /* Device.swift */; };
		52D2C1BB1EE361C700CE250B /* AppDelegate.swift in Sources */ = {isa = PBXBuildFile; fileRef = 52D2C1BA1EE361C700CE250B /* AppDelegate.swift */; };
		52D2C1BD1EE361C700CE250B /* ViewController.swift in Sources */ = {isa = PBXBuildFile; fileRef = 52D2C1BC1EE361C700CE250B /* ViewController.swift */; };
		52D2C1C01EE361C700CE250B /* Main.storyboard in Resources */ = {isa = PBXBuildFile; fileRef = 52D2C1BE1EE361C700CE250B /* Main.storyboard */; };
		52D2C1C21EE361C700CE250B /* Assets.xcassets in Resources */ = {isa = PBXBuildFile; fileRef = 52D2C1C11EE361C700CE250B /* Assets.xcassets */; };
		52D2C1C51EE361C700CE250B /* LaunchScreen.storyboard in Resources */ = {isa = PBXBuildFile; fileRef = 52D2C1C31EE361C700CE250B /* LaunchScreen.storyboard */; };
		B211A08C13B07A3BE0DA4DCA /* Pods_homeautomation.framework in Frameworks */ = {isa = PBXBuildFile; fileRef = A962F345C73CC566CDC05D8F /* Pods_homeautomation.framework */; };
/* End PBXBuildFile section */

/* Begin PBXFileReference section */
		038B348FCE3C0617B04C8C14 /* Pods-homeautomation.release.xcconfig */ = {isa = PBXFileReference; includeInIndex = 1; lastKnownFileType = text.xcconfig; name = "Pods-homeautomation.release.xcconfig"; path = "Pods/Target Support Files/Pods-homeautomation/Pods-homeautomation.release.xcconfig"; sourceTree = "<group>"; };
		526540051EE42CB00090852B /* CircuitCell.swift */ = {isa = PBXFileReference; fileEncoding = 4; lastKnownFileType = sourcecode.swift; path = CircuitCell.swift; sourceTree = "<group>"; };
		526540071EE42ECC0090852B /* Device.swift */ = {isa = PBXFileReference; fileEncoding = 4; lastKnownFileType = sourcecode.swift; path = Device.swift; sourceTree = "<group>"; };
		52D2C1B71EE361C700CE250B /* homeautomation.app */ = {isa = PBXFileReference; explicitFileType = wrapper.application; includeInIndex = 0; path = homeautomation.app; sourceTree = BUILT_PRODUCTS_DIR; };
		52D2C1BA1EE361C700CE250B /* AppDelegate.swift */ = {isa = PBXFileReference; lastKnownFileType = sourcecode.swift; path = AppDelegate.swift; sourceTree = "<group>"; };
		52D2C1BC1EE361C700CE250B /* ViewController.swift */ = {isa = PBXFileReference; lastKnownFileType = sourcecode.swift; path = ViewController.swift; sourceTree = "<group>"; };
		52D2C1BF1EE361C700CE250B /* Base */ = {isa = PBXFileReference; lastKnownFileType = file.storyboard; name = Base; path = Base.lproj/Main.storyboard; sourceTree = "<group>"; };
		52D2C1C11EE361C700CE250B /* Assets.xcassets */ = {isa = PBXFileReference; lastKnownFileType = folder.assetcatalog; path = Assets.xcassets; sourceTree = "<group>"; };
		52D2C1C41EE361C700CE250B /* Base */ = {isa = PBXFileReference; lastKnownFileType = file.storyboard; name = Base; path = Base.lproj/LaunchScreen.storyboard; sourceTree = "<group>"; };
		52D2C1C61EE361C700CE250B /* Info.plist */ = {isa = PBXFileReference; lastKnownFileType = text.plist.xml; path = Info.plist; sourceTree = "<group>"; };
		A962F345C73CC566CDC05D8F /* Pods_homeautomation.framework */ = {isa = PBXFileReference; explicitFileType = wrapper.framework; includeInIndex = 0; path = Pods_homeautomation.framework; sourceTree = BUILT_PRODUCTS_DIR; };
		FAC8865070A2F20D72CF997A /* Pods-homeautomation.debug.xcconfig */ = {isa = PBXFileReference; includeInIndex = 1; lastKnownFileType = text.xcconfig; name = "Pods-homeautomation.debug.xcconfig"; path = "Pods/Target Support Files/Pods-homeautomation/Pods-homeautomation.debug.xcconfig"; sourceTree = "<group>"; };
/* End PBXFileReference section */

/* Begin PBXFrameworksBuildPhase section */
		52D2C1B41EE361C700CE250B /* Frameworks */ = {
			isa = PBXFrameworksBuildPhase;
			buildActionMask = 2147483647;
			files = (
				B211A08C13B07A3BE0DA4DCA /* Pods_homeautomation.framework in Frameworks */,
			);
			runOnlyForDeploymentPostprocessing = 0;
		};
/* End PBXFrameworksBuildPhase section */

/* Begin PBXGroup section */
		48FEAD9E158BFC8BFB8C6BB0 /* Pods */ = {
			isa = PBXGroup;
			children = (
				FAC8865070A2F20D72CF997A /* Pods-homeautomation.debug.xcconfig */,
				038B348FCE3C0617B04C8C14 /* Pods-homeautomation.release.xcconfig */,
			);
			name = Pods;
			sourceTree = "<group>";
		};
		4D72AF7F3E613D1105AD73A2 /* Frameworks */ = {
			isa = PBXGroup;
			children = (
				A962F345C73CC566CDC05D8F /* Pods_homeautomation.framework */,
			);
			name = Frameworks;
			sourceTree = "<group>";
		};
		52D2C1AE1EE361C700CE250B = {
			isa = PBXGroup;
			children = (
				52D2C1B91EE361C700CE250B /* homeautomation */,
				52D2C1B81EE361C700CE250B /* Products */,
				48FEAD9E158BFC8BFB8C6BB0 /* Pods */,
				4D72AF7F3E613D1105AD73A2 /* Frameworks */,
			);
			sourceTree = "<group>";
		};
		52D2C1B81EE361C700CE250B /* Products */ = {
			isa = PBXGroup;
			children = (
				52D2C1B71EE361C700CE250B /* homeautomation.app */,
			);
			name = Products;
			sourceTree = "<group>";
		};
		52D2C1B91EE361C700CE250B /* homeautomation */ = {
			isa = PBXGroup;
			children = (
				52D2C1BA1EE361C700CE250B /* AppDelegate.swift */,
				52D2C1BC1EE361C700CE250B /* ViewController.swift */,
				52D2C1BE1EE361C700CE250B /* Main.storyboard */,
				52D2C1C11EE361C700CE250B /* Assets.xcassets */,
				52D2C1C31EE361C700CE250B /* LaunchScreen.storyboard */,
				52D2C1C61EE361C700CE250B /* Info.plist */,
				526540051EE42CB00090852B /* CircuitCell.swift */,
				526540071EE42ECC0090852B /* Device.swift */,
			);
			path = homeautomation;
			sourceTree = "<group>";
		};
/* End PBXGroup section */

/* Begin PBXNativeTarget section */
		52D2C1B61EE361C700CE250B /* homeautomation */ = {
			isa = PBXNativeTarget;
			buildConfigurationList = 52D2C1C91EE361C700CE250B /* Build configuration list for PBXNativeTarget "homeautomation" */;
			buildPhases = (
				AA50C7F4E9AD531226DE88D5 /* [CP] Check Pods Manifest.lock */,
				52D2C1B31EE361C700CE250B /* Sources */,
				52D2C1B41EE361C700CE250B /* Frameworks */,
				52D2C1B51EE361C700CE250B /* Resources */,
				1ADB44A5F68BD402974B8F62 /* [CP] Embed Pods Frameworks */,
				E529273F3040A8476C4D246B /* [CP] Copy Pods Resources */,
			);
			buildRules = (
			);
			dependencies = (
			);
			name = homeautomation;
			productName = homeautomation;
			productReference = 52D2C1B71EE361C700CE250B /* homeautomation.app */;
			productType = "com.apple.product-type.application";
		};
/* End PBXNativeTarget section */

/* Begin PBXProject section */
		52D2C1AF1EE361C700CE250B /* Project object */ = {
			isa = PBXProject;
			attributes = {
				LastSwiftUpdateCheck = 0830;
				LastUpgradeCheck = 0830;
				ORGANIZATIONNAME = ilker;
				TargetAttributes = {
					52D2C1B61EE361C700CE250B = {
						CreatedOnToolsVersion = 8.3.2;
						DevelopmentTeam = 8J92TCLPGK;
						ProvisioningStyle = Automatic;
					};
				};
			};
			buildConfigurationList = 52D2C1B21EE361C700CE250B /* Build configuration list for PBXProject "homeautomation" */;
			compatibilityVersion = "Xcode 3.2";
			developmentRegion = English;
			hasScannedForEncodings = 0;
			knownRegions = (
				en,
				Base,
			);
			mainGroup = 52D2C1AE1EE361C700CE250B;
			productRefGroup = 52D2C1B81EE361C700CE250B /* Products */;
			projectDirPath = "";
			projectRoot = "";
			targets = (
				52D2C1B61EE361C700CE250B /* homeautomation */,
			);
		};
/* End PBXProject section */

/* Begin PBXResourcesBuildPhase section */
		52D2C1B51EE361C700CE250B /* Resources */ = {
			isa = PBXResourcesBuildPhase;
			buildActionMask = 2147483647;
			files = (
				52D2C1C51EE361C700CE250B /* LaunchScreen.storyboard in Resources */,
				52D2C1C21EE361C700CE250B /* Assets.xcassets in Resources */,
				52D2C1C01EE361C700CE250B /* Main.storyboard in Resources */,
			);
			runOnlyForDeploymentPostprocessing = 0;
		};
/* End PBXResourcesBuildPhase section */

/* Begin PBXShellScriptBuildPhase section */
		1ADB44A5F68BD402974B8F62 /* [CP] Embed Pods Frameworks */ = {
			isa = PBXShellScriptBuildPhase;
			buildActionMask = 2147483647;
			files = (
			);
			inputPaths = (
			);
			name = "[CP] Embed Pods Frameworks";
			outputPaths = (
			);
			runOnlyForDeploymentPostprocessing = 0;
			shellPath = /bin/sh;
			shellScript = "\"${SRCROOT}/Pods/Target Support Files/Pods-homeautomation/Pods-homeautomation-frameworks.sh\"\n";
			showEnvVarsInLog = 0;
		};
		AA50C7F4E9AD531226DE88D5 /* [CP] Check Pods Manifest.lock */ = {
			isa = PBXShellScriptBuildPhase;
			buildActionMask = 2147483647;
			files = (
			);
			inputPaths = (
			);
			name = "[CP] Check Pods Manifest.lock";
			outputPaths = (
			);
			runOnlyForDeploymentPostprocessing = 0;
			shellPath = /bin/sh;
			shellScript = "diff \"${PODS_ROOT}/../Podfile.lock\" \"${PODS_ROOT}/Manifest.lock\" > /dev/null\nif [ $? != 0 ] ; then\n    # print error to STDERR\n    echo \"error: The sandbox is not in sync with the Podfile.lock. Run 'pod install' or update your CocoaPods installation.\" >&2\n    exit 1\nfi\n";
			showEnvVarsInLog = 0;
		};
		E529273F3040A8476C4D246B /* [CP] Copy Pods Resources */ = {
			isa = PBXShellScriptBuildPhase;
			buildActionMask = 2147483647;
			files = (
			);
			inputPaths = (
			);
			name = "[CP] Copy Pods Resources";
			outputPaths = (
			);
			runOnlyForDeploymentPostprocessing = 0;
			shellPath = /bin/sh;
			shellScript = "\"${SRCROOT}/Pods/Target Support Files/Pods-homeautomation/Pods-homeautomation-resources.sh\"\n";
			showEnvVarsInLog = 0;
		};
/* End PBXShellScriptBuildPhase section */

/* Begin PBXSourcesBuildPhase section */
		52D2C1B31EE361C700CE250B /* Sources */ = {
			isa = PBXSourcesBuildPhase;
			buildActionMask = 2147483647;
			files = (
				526540061EE42CB00090852B /* CircuitCell.swift in Sources */,
				52D2C1BD1EE361C700CE250B /* ViewController.swift in Sources */,
				52D2C1BB1EE361C700CE250B /* AppDelegate.swift in Sources */,
				526540081EE42ECC0090852B /* Device.swift in Sources */,
			);
			runOnlyForDeploymentPostprocessing = 0;
		};
/* End PBXSourcesBuildPhase section */

/* Begin PBXVariantGroup section */
		52D2C1BE1EE361C700CE250B /* Main.storyboard */ = {
			isa = PBXVariantGroup;
			children = (
				52D2C1BF1EE361C700CE250B /* Base */,
			);
			name = Main.storyboard;
			sourceTree = "<group>";
		};
		52D2C1C31EE361C700CE250B /* LaunchScreen.storyboard */ = {
			isa = PBXVariantGroup;
			children = (
				52D2C1C41EE361C700CE250B /* Base */,
			);
			name = LaunchScreen.storyboard;
			sourceTree = "<group>";
		};
/* End PBXVariantGroup section */

/* Begin XCBuildConfiguration section */
		52D2C1C71EE361C700CE250B /* Debug */ = {
			isa = XCBuildConfiguration;
			buildSettings = {
				ALWAYS_SEARCH_USER_PATHS = NO;
				CLANG_ANALYZER_NONNULL = YES;
				CLANG_ANALYZER_NUMBER_OBJECT_CONVERSION = YES_AGGRESSIVE;
				CLANG_CXX_LANGUAGE_STANDARD = "gnu++0x";
				CLANG_CXX_LIBRARY = "libc++";
				CLANG_ENABLE_MODULES = YES;
				CLANG_ENABLE_OBJC_ARC = YES;
				CLANG_WARN_BOOL_CONVERSION = YES;
				CLANG_WARN_CONSTANT_CONVERSION = YES;
				CLANG_WARN_DIRECT_OBJC_ISA_USAGE = YES_ERROR;
				CLANG_WARN_DOCUMENTATION_COMMENTS = YES;
				CLANG_WARN_EMPTY_BODY = YES;
				CLANG_WARN_ENUM_CONVERSION = YES;
				CLANG_WARN_INFINITE_RECURSION = YES;
				CLANG_WARN_INT_CONVERSION = YES;
				CLANG_WARN_OBJC_ROOT_CLASS = YES_ERROR;
				CLANG_WARN_SUSPICIOUS_MOVE = YES;
				CLANG_WARN_UNREACHABLE_CODE = YES;
				CLANG_WARN__DUPLICATE_METHOD_MATCH = YES;
				"CODE_SIGN_IDENTITY[sdk=iphoneos*]" = "iPhone Developer";
				COPY_PHASE_STRIP = NO;
				DEBUG_INFORMATION_FORMAT = dwarf;
				ENABLE_STRICT_OBJC_MSGSEND = YES;
				ENABLE_TESTABILITY = YES;
				GCC_C_LANGUAGE_STANDARD = gnu99;
				GCC_DYNAMIC_NO_PIC = NO;
				GCC_NO_COMMON_BLOCKS = YES;
				GCC_OPTIMIZATION_LEVEL = 0;
				GCC_PREPROCESSOR_DEFINITIONS = (
					"DEBUG=1",
					"$(inherited)",
				);
				GCC_WARN_64_TO_32_BIT_CONVERSION = YES;
				GCC_WARN_ABOUT_RETURN_TYPE = YES_ERROR;
				GCC_WARN_UNDECLARED_SELECTOR = YES;
				GCC_WARN_UNINITIALIZED_AUTOS = YES_AGGRESSIVE;
				GCC_WARN_UNUSED_FUNCTION = YES;
				GCC_WARN_UNUSED_VARIABLE = YES;
				IPHONEOS_DEPLOYMENT_TARGET = 10.3;
				MTL_ENABLE_DEBUG_INFO = YES;
				ONLY_ACTIVE_ARCH = YES;
				SDKROOT = iphoneos;
				SWIFT_ACTIVE_COMPILATION_CONDITIONS = DEBUG;
				SWIFT_OPTIMIZATION_LEVEL = "-Onone";
			};
			name = Debug;
		};
		52D2C1C81EE361C700CE250B /* Release */ = {
			isa = XCBuildConfiguration;
			buildSettings = {
				ALWAYS_SEARCH_USER_PATHS = NO;
				CLANG_ANALYZER_NONNULL = YES;
				CLANG_ANALYZER_NUMBER_OBJECT_CONVERSION = YES_AGGRESSIVE;
				CLANG_CXX_LANGUAGE_STANDARD = "gnu++0x";
				CLANG_CXX_LIBRARY = "libc++";
				CLANG_ENABLE_MODULES = YES;
				CLANG_ENABLE_OBJC_ARC = YES;
				CLANG_WARN_BOOL_CONVERSION = YES;
				CLANG_WARN_CONSTANT_CONVERSION = YES;
				CLANG_WARN_DIRECT_OBJC_ISA_USAGE = YES_ERROR;
				CLANG_WARN_DOCUMENTATION_COMMENTS = YES;
				CLANG_WARN_EMPTY_BODY = YES;
				CLANG_WARN_ENUM_CONVERSION = YES;
				CLANG_WARN_INFINITE_RECURSION = YES;
				CLANG_WARN_INT_CONVERSION = YES;
				CLANG_WARN_OBJC_ROOT_CLASS = YES_ERROR;
				CLANG_WARN_SUSPICIOUS_MOVE = YES;
				CLANG_WARN_UNREACHABLE_CODE = YES;
				CLANG_WARN__DUPLICATE_METHOD_MATCH = YES;
				"CODE_SIGN_IDENTITY[sdk=iphoneos*]" = "iPhone Developer";
				COPY_PHASE_STRIP = NO;
				DEBUG_INFORMATION_FORMAT = "dwarf-with-dsym";
				ENABLE_NS_ASSERTIONS = NO;
				ENABLE_STRICT_OBJC_MSGSEND = YES;
				GCC_C_LANGUAGE_STANDARD = gnu99;
				GCC_NO_COMMON_BLOCKS = YES;
				GCC_WARN_64_TO_32_BIT_CONVERSION = YES;
				GCC_WARN_ABOUT_RETURN_TYPE = YES_ERROR;
				GCC_WARN_UNDECLARED_SELECTOR = YES;
				GCC_WARN_UNINITIALIZED_AUTOS = YES_AGGRESSIVE;
				GCC_WARN_UNUSED_FUNCTION = YES;
				GCC_WARN_UNUSED_VARIABLE = YES;
				IPHONEOS_DEPLOYMENT_TARGET = 10.3;
				MTL_ENABLE_DEBUG_INFO = NO;
				SDKROOT = iphoneos;
				SWIFT_OPTIMIZATION_LEVEL = "-Owholemodule";
				VALIDATE_PRODUCT = YES;
			};
			name = Release;
		};
		52D2C1CA1EE361C700CE250B /* Debug */ = {
			isa = XCBuildConfiguration;
			baseConfigurationReference = FAC8865070A2F20D72CF997A /* Pods-homeautomation.debug.xcconfig */;
			buildSettings = {
				ASSETCATALOG_COMPILER_APPICON_NAME = AppIcon;
				DEVELOPMENT_TEAM = 8J92TCLPGK;
				INFOPLIST_FILE = homeautomation/Info.plist;
				IPHONEOS_DEPLOYMENT_TARGET = 10.0;
				LD_RUNPATH_SEARCH_PATHS = "$(inherited) @executable_path/Frameworks";
				PRODUCT_BUNDLE_IDENTIFIER = ist.appy.homeautomation;
				PRODUCT_NAME = "$(TARGET_NAME)";
				SWIFT_VERSION = 3.0;
			};
			name = Debug;
		};
		52D2C1CB1EE361C700CE250B /* Release */ = {
			isa = XCBuildConfiguration;
			baseConfigurationReference = 038B348FCE3C0617B04C8C14 /* Pods-homeautomation.release.xcconfig */;
			buildSettings = {
				ASSETCATALOG_COMPILER_APPICON_NAME = AppIcon;
				DEVELOPMENT_TEAM = 8J92TCLPGK;
				INFOPLIST_FILE = homeautomation/Info.plist;
				IPHONEOS_DEPLOYMENT_TARGET = 10.0;
				LD_RUNPATH_SEARCH_PATHS = "$(inherited) @executable_path/Frameworks";
				PRODUCT_BUNDLE_IDENTIFIER = ist.appy.homeautomation;
				PRODUCT_NAME = "$(TARGET_NAME)";
				SWIFT_VERSION = 3.0;
			};
			name = Release;
		};
/* End XCBuildConfiguration section */

/* Begin XCConfigurationList section */
		52D2C1B21EE361C700CE250B /* Build configuration list for PBXProject "homeautomation" */ = {
			isa = XCConfigurationList;
			buildConfigurations = (
				52D2C1C71EE361C700CE250B /* Debug */,
				52D2C1C81EE361C700CE250B /* Release */,
			);
			defaultConfigurationIsVisible = 0;
			defaultConfigurationName = Release;
		};
		52D2C1C91EE361C700CE250B /* Build configuration list for PBXNativeTarget "homeautomation" */ = {
			isa = XCConfigurationList;
			buildConfigurations = (
				52D2C1CA1EE361C700CE250B /* Debug */,
				52D2C1CB1EE361C700CE250B /* Release */,
			);
			defaultConfigurationIsVisible = 0;
			defaultConfigurationName = Release;
		};
/* End XCConfigurationList section */
	};
	rootObject = 52D2C1AF1EE361C700CE250B /* Project object */;
}
